
Microsoft Visual Studio Solution File, Format Version 12.00
# Visual Studio 14
VisualStudioVersion = 14.0.25420.1
MinimumVisualStudioVersion = 10.0.40219.1
Project("{FAE04EC0-301F-11D3-BF4B-00C04F79EFBC}") = "SampleApp", "SampleApp\SampleApp.csproj", "{999C4E7E-1D98-49D5-9852-7D5CBD615E13}"
EndProject
Project("{FAE04EC0-301F-11D3-BF4B-00C04F79EFBC}") = "SampleApp.Tests.MSTest", "SampleApp.Tests.MSTest\SampleApp.Tests.MSTest.csproj", "{9931CF70-4C82-489A-A100-42440E370219}"
EndProject
Project("{FAE04EC0-301F-11D3-BF4B-00C04F79EFBC}") = "SampleApp.Tests.NUnit", "SampleApp.Tests.NUnit\SampleApp.Tests.NUnit.csproj", "{B9DE4444-9B79-4FAA-93E3-061D8DB619DC}"
EndProject
Project("{FAE04EC0-301F-11D3-BF4B-00C04F79EFBC}") = "SampleApp.Tests.xUnit", "SampleApp.Tests.xUnit\SampleApp.Tests.xUnit.csproj", "{1F78008B-D621-4D5D-ABAC-DE36F24EA121}"
EndProject
Global
	GlobalSection(SolutionConfigurationPlatforms) = preSolution
		Debug|Any CPU = Debug|Any CPU
		Release|Any CPU = Release|Any CPU
	EndGlobalSection
	GlobalSection(ProjectConfigurationPlatforms) = postSolution
		{999C4E7E-1D98-49D5-9852-7D5CBD615E13}.Debug|Any CPU.ActiveCfg = Debug|Any CPU
		{999C4E7E-1D98-49D5-9852-7D5CBD615E13}.Debug|Any CPU.Build.0 = Debug|Any CPU
		{999C4E7E-1D98-49D5-9852-7D5CBD615E13}.Release|Any CPU.ActiveCfg = Release|Any CPU
		{999C4E7E-1D98-49D5-9852-7D5CBD615E13}.Release|Any CPU.Build.0 = Release|Any CPU
		{9931CF70-4C82-489A-A100-42440E370219}.Debug|Any CPU.ActiveCfg = Debug|Any CPU
		{9931CF70-4C82-489A-A100-42440E370219}.Debug|Any CPU.Build.0 = Debug|Any CPU
		{9931CF70-4C82-489A-A100-42440E370219}.Release|Any CPU.ActiveCfg = Release|Any CPU
		{9931CF70-4C82-489A-A100-42440E370219}.Release|Any CPU.Build.0 = Release|Any CPU
		{B9DE4444-9B79-4FAA-93E3-061D8DB619DC}.Debug|Any CPU.ActiveCfg = Debug|Any CPU
		{B9DE4444-9B79-4FAA-93E3-061D8DB619DC}.Debug|Any CPU.Build.0 = Debug|Any CPU
		{B9DE4444-9B79-4FAA-93E3-061D8DB619DC}.Release|Any CPU.ActiveCfg = Release|Any CPU
		{B9DE4444-9B79-4FAA-93E3-061D8DB619DC}.Release|Any CPU.Build.0 = Release|Any CPU
		{1F78008B-D621-4D5D-ABAC-DE36F24EA121}.Debug|Any CPU.ActiveCfg = Debug|Any CPU
		{1F78008B-D621-4D5D-ABAC-DE36F24EA121}.Debug|Any CPU.Build.0 = Debug|Any CPU
		{1F78008B-D621-4D5D-ABAC-DE36F24EA121}.Release|Any CPU.ActiveCfg = Release|Any CPU
		{1F78008B-D621-4D5D-ABAC-DE36F24EA121}.Release|Any CPU.Build.0 = Release|Any CPU
	EndGlobalSection
	GlobalSection(SolutionProperties) = preSolution
		HideSolutionNode = FALSE
	EndGlobalSection
EndGlobal
